// !$*UTF8*$!
{
	archiveVersion = 1;
	classes = {
	};
	objectVersion = 46;
	objects = {

/* Begin PBXBuildFile section */
		50D5BB771EC4202000A42D59 /* AppDelegate.swift in Sources */ = {isa = PBXBuildFile; fileRef = 50D5BB761EC4202000A42D59 /* AppDelegate.swift */; };
		50D5BB791EC4202000A42D59 /* ViewController.swift in Sources */ = {isa = PBXBuildFile; fileRef = 50D5BB781EC4202000A42D59 /* ViewController.swift */; };
		50D5BB7C1EC4202000A42D59 /* Main.storyboard in Resources */ = {isa = PBXBuildFile; fileRef = 50D5BB7A1EC4202000A42D59 /* Main.storyboard */; };
		50D5BB7E1EC4202000A42D59 /* Assets.xcassets in Resources */ = {isa = PBXBuildFile; fileRef = 50D5BB7D1EC4202000A42D59 /* Assets.xcassets */; };
		50D5BB811EC4202000A42D59 /* LaunchScreen.storyboard in Resources */ = {isa = PBXBuildFile; fileRef = 50D5BB7F1EC4202000A42D59 /* LaunchScreen.storyboard */; };
		50D5BB8C1EC4202000A42D59 /* TCNewFeatureViewProjectTests.swift in Sources */ = {isa = PBXBuildFile; fileRef = 50D5BB8B1EC4202000A42D59 /* TCNewFeatureViewProjectTests.swift */; };
		50D5BB971EC4202000A42D59 /* TCNewFeatureViewProjectUITests.swift in Sources */ = {isa = PBXBuildFile; fileRef = 50D5BB961EC4202000A42D59 /* TCNewFeatureViewProjectUITests.swift */; };
/* End PBXBuildFile section */

/* Begin PBXContainerItemProxy section */
		50D5BB881EC4202000A42D59 /* PBXContainerItemProxy */ = {
			isa = PBXContainerItemProxy;
			containerPortal = 50D5BB6B1EC4202000A42D59 /* Project object */;
			proxyType = 1;
			remoteGlobalIDString = 50D5BB721EC4202000A42D59;
			remoteInfo = TCNewFeatureViewProject;
		};
		50D5BB931EC4202000A42D59 /* PBXContainerItemProxy */ = {
			isa = PBXContainerItemProxy;
			containerPortal = 50D5BB6B1EC4202000A42D59 /* Project object */;
			proxyType = 1;
			remoteGlobalIDString = 50D5BB721EC4202000A42D59;
			remoteInfo = TCNewFeatureViewProject;
		};
/* End PBXContainerItemProxy section */

/* Begin PBXFileReference section */
		50D5BB731EC4202000A42D59 /* TCNewFeatureViewProject.app */ = {isa = PBXFileReference; explicitFileType = wrapper.application; includeInIndex = 0; path = TCNewFeatureViewProject.app; sourceTree = BUILT_PRODUCTS_DIR; };
		50D5BB761EC4202000A42D59 /* AppDelegate.swift */ = {isa = PBXFileReference; lastKnownFileType = sourcecode.swift; path = AppDelegate.swift; sourceTree = "<group>"; };
		50D5BB781EC4202000A42D59 /* ViewController.swift */ = {isa = PBXFileReference; lastKnownFileType = sourcecode.swift; path = ViewController.swift; sourceTree = "<group>"; };
		50D5BB7B1EC4202000A42D59 /* Base */ = {isa = PBXFileReference; lastKnownFileType = file.storyboard; name = Base; path = Base.lproj/Main.storyboard; sourceTree = "<group>"; };
		50D5BB7D1EC4202000A42D59 /* Assets.xcassets */ = {isa = PBXFileReference; lastKnownFileType = folder.assetcatalog; path = Assets.xcassets; sourceTree = "<group>"; };
		50D5BB801EC4202000A42D59 /* Base */ = {isa = PBXFileReference; lastKnownFileType = file.storyboard; name = Base; path = Base.lproj/LaunchScreen.storyboard; sourceTree = "<group>"; };
		50D5BB821EC4202000A42D59 /* Info.plist */ = {isa = PBXFileReference; lastKnownFileType = text.plist.xml; path = Info.plist; sourceTree = "<group>"; };
		50D5BB871EC4202000A42D59 /* TCNewFeatureViewProjectTests.xctest */ = {isa = PBXFileReference; explicitFileType = wrapper.cfbundle; includeInIndex = 0; path = TCNewFeatureViewProjectTests.xctest; sourceTree = BUILT_PRODUCTS_DIR; };
		50D5BB8B1EC4202000A42D59 /* TCNewFeatureViewProjectTests.swift */ = {isa = PBXFileReference; lastKnownFileType = sourcecode.swift; path = TCNewFeatureViewProjectTests.swift; sourceTree = "<group>"; };
		50D5BB8D1EC4202000A42D59 /* Info.plist */ = {isa = PBXFileReference; lastKnownFileType = text.plist.xml; path = Info.plist; sourceTree = "<group>"; };
		50D5BB921EC4202000A42D59 /* TCNewFeatureViewProjectUITests.xctest */ = {isa = PBXFileReference; explicitFileType = wrapper.cfbundle; includeInIndex = 0; path = TCNewFeatureViewProjectUITests.xctest; sourceTree = BUILT_PRODUCTS_DIR; };
		50D5BB961EC4202000A42D59 /* TCNewFeatureViewProjectUITests.swift */ = {isa = PBXFileReference; lastKnownFileType = sourcecode.swift; path = TCNewFeatureViewProjectUITests.swift; sourceTree = "<group>"; };
		50D5BB981EC4202000A42D59 /* Info.plist */ = {isa = PBXFileReference; lastKnownFileType = text.plist.xml; path = Info.plist; sourceTree = "<group>"; };
/* End PBXFileReference section */

/* Begin PBXFrameworksBuildPhase section */
		50D5BB701EC4202000A42D59 /* Frameworks */ = {
			isa = PBXFrameworksBuildPhase;
			buildActionMask = 2147483647;
			files = (
			);
			runOnlyForDeploymentPostprocessing = 0;
		};
		50D5BB841EC4202000A42D59 /* Frameworks */ = {
			isa = PBXFrameworksBuildPhase;
			buildActionMask = 2147483647;
			files = (
			);
			runOnlyForDeploymentPostprocessing = 0;
		};
		50D5BB8F1EC4202000A42D59 /* Frameworks */ = {
			isa = PBXFrameworksBuildPhase;
			buildActionMask = 2147483647;
			files = (
			);
			runOnlyForDeploymentPostprocessing = 0;
		};
/* End PBXFrameworksBuildPhase section */

/* Begin PBXGroup section */
		50D5BB6A1EC4202000A42D59 = {
			isa = PBXGroup;
			children = (
				50D5BB751EC4202000A42D59 /* TCNewFeatureViewProject */,
				50D5BB8A1EC4202000A42D59 /* TCNewFeatureViewProjectTests */,
				50D5BB951EC4202000A42D59 /* TCNewFeatureViewProjectUITests */,
				50D5BB741EC4202000A42D59 /* Products */,
			);
			sourceTree = "<group>";
		};
		50D5BB741EC4202000A42D59 /* Products */ = {
			isa = PBXGroup;
			children = (
				50D5BB731EC4202000A42D59 /* TCNewFeatureViewProject.app */,
				50D5BB871EC4202000A42D59 /* TCNewFeatureViewProjectTests.xctest */,
				50D5BB921EC4202000A42D59 /* TCNewFeatureViewProjectUITests.xctest */,
			);
			name = Products;
			sourceTree = "<group>";
		};
		50D5BB751EC4202000A42D59 /* TCNewFeatureViewProject */ = {
			isa = PBXGroup;
			children = (
				50D5BB761EC4202000A42D59 /* AppDelegate.swift */,
				50D5BB781EC4202000A42D59 /* ViewController.swift */,
				50D5BB7A1EC4202000A42D59 /* Main.storyboard */,
				50D5BB7D1EC4202000A42D59 /* Assets.xcassets */,
				50D5BB7F1EC4202000A42D59 /* LaunchScreen.storyboard */,
				50D5BB821EC4202000A42D59 /* Info.plist */,
			);
			path = TCNewFeatureViewProject;
			sourceTree = "<group>";
		};
		50D5BB8A1EC4202000A42D59 /* TCNewFeatureViewProjectTests */ = {
			isa = PBXGroup;
			children = (
				50D5BB8B1EC4202000A42D59 /* TCNewFeatureViewProjectTests.swift */,
				50D5BB8D1EC4202000A42D59 /* Info.plist */,
			);
			path = TCNewFeatureViewProjectTests;
			sourceTree = "<group>";
		};
		50D5BB951EC4202000A42D59 /* TCNewFeatureViewProjectUITests */ = {
			isa = PBXGroup;
			children = (
				50D5BB961EC4202000A42D59 /* TCNewFeatureViewProjectUITests.swift */,
				50D5BB981EC4202000A42D59 /* Info.plist */,
			);
			path = TCNewFeatureViewProjectUITests;
			sourceTree = "<group>";
		};
/* End PBXGroup section */

/* Begin PBXNativeTarget section */
		50D5BB721EC4202000A42D59 /* TCNewFeatureViewProject */ = {
			isa = PBXNativeTarget;
			buildConfigurationList = 50D5BB9B1EC4202000A42D59 /* Build configuration list for PBXNativeTarget "TCNewFeatureViewProject" */;
			buildPhases = (
				50D5BB6F1EC4202000A42D59 /* Sources */,
				50D5BB701EC4202000A42D59 /* Frameworks */,
				50D5BB711EC4202000A42D59 /* Resources */,
			);
			buildRules = (
			);
			dependencies = (
			);
			name = TCNewFeatureViewProject;
			productName = TCNewFeatureViewProject;
			productReference = 50D5BB731EC4202000A42D59 /* TCNewFeatureViewProject.app */;
			productType = "com.apple.product-type.application";
		};
		50D5BB861EC4202000A42D59 /* TCNewFeatureViewProjectTests */ = {
			isa = PBXNativeTarget;
			buildConfigurationList = 50D5BB9E1EC4202000A42D59 /* Build configuration list for PBXNativeTarget "TCNewFeatureViewProjectTests" */;
			buildPhases = (
				50D5BB831EC4202000A42D59 /* Sources */,
				50D5BB841EC4202000A42D59 /* Frameworks */,
				50D5BB851EC4202000A42D59 /* Resources */,
			);
			buildRules = (
			);
			dependencies = (
				50D5BB891EC4202000A42D59 /* PBXTargetDependency */,
			);
			name = TCNewFeatureViewProjectTests;
			productName = TCNewFeatureViewProjectTests;
			productReference = 50D5BB871EC4202000A42D59 /* TCNewFeatureViewProjectTests.xctest */;
			productType = "com.apple.product-type.bundle.unit-test";
		};
		50D5BB911EC4202000A42D59 /* TCNewFeatureViewProjectUITests */ = {
			isa = PBXNativeTarget;
			buildConfigurationList = 50D5BBA11EC4202000A42D59 /* Build configuration list for PBXNativeTarget "TCNewFeatureViewProjectUITests" */;
			buildPhases = (
				50D5BB8E1EC4202000A42D59 /* Sources */,
				50D5BB8F1EC4202000A42D59 /* Frameworks */,
				50D5BB901EC4202000A42D59 /* Resources */,
			);
			buildRules = (
			);
			dependencies = (
				50D5BB941EC4202000A42D59 /* PBXTargetDependency */,
			);
			name = TCNewFeatureViewProjectUITests;
			productName = TCNewFeatureViewProjectUITests;
			productReference = 50D5BB921EC4202000A42D59 /* TCNewFeatureViewProjectUITests.xctest */;
			productType = "com.apple.product-type.bundle.ui-testing";
		};
/* End PBXNativeTarget section */

/* Begin PBXProject section */
		50D5BB6B1EC4202000A42D59 /* Project object */ = {
			isa = PBXProject;
			attributes = {
				LastSwiftUpdateCheck = 0830;
				LastUpgradeCheck = 0830;
				ORGANIZATIONNAME = tardis_cxx;
				TargetAttributes = {
					50D5BB721EC4202000A42D59 = {
						CreatedOnToolsVersion = 8.3.2;
						ProvisioningStyle = Automatic;
					};
					50D5BB861EC4202000A42D59 = {
						CreatedOnToolsVersion = 8.3.2;
						ProvisioningStyle = Automatic;
						TestTargetID = 50D5BB721EC4202000A42D59;
					};
					50D5BB911EC4202000A42D59 = {
						CreatedOnToolsVersion = 8.3.2;
						ProvisioningStyle = Automatic;
						TestTargetID = 50D5BB721EC4202000A42D59;
					};
				};
			};
			buildConfigurationList = 50D5BB6E1EC4202000A42D59 /* Build configuration list for PBXProject "TCNewFeatureViewProject" */;
			compatibilityVersion = "Xcode 3.2";
			developmentRegion = English;
			hasScannedForEncodings = 0;
			knownRegions = (
				en,
				Base,
			);
			mainGroup = 50D5BB6A1EC4202000A42D59;
			productRefGroup = 50D5BB741EC4202000A42D59 /* Products */;
			projectDirPath = "";
			projectRoot = "";
			targets = (
				50D5BB721EC4202000A42D59 /* TCNewFeatureViewProject */,
				50D5BB861EC4202000A42D59 /* TCNewFeatureViewProjectTests */,
				50D5BB911EC4202000A42D59 /* TCNewFeatureViewProjectUITests */,
			);
		};
/* End PBXProject section */

/* Begin PBXResourcesBuildPhase section */
		50D5BB711EC4202000A42D59 /* Resources */ = {
			isa = PBXResourcesBuildPhase;
			buildActionMask = 2147483647;
			files = (
				50D5BB811EC4202000A42D59 /* LaunchScreen.storyboard in Resources */,
				50D5BB7E1EC4202000A42D59 /* Assets.xcassets in Resources */,
				50D5BB7C1EC4202000A42D59 /* Main.storyboard in Resources */,
			);
			runOnlyForDeploymentPostprocessing = 0;
		};
		50D5BB851EC4202000A42D59 /* Resources */ = {
			isa = PBXResourcesBuildPhase;
			buildActionMask = 2147483647;
			files = (
			);
			runOnlyForDeploymentPostprocessing = 0;
		};
		50D5BB901EC4202000A42D59 /* Resources */ = {
			isa = PBXResourcesBuildPhase;
			buildActionMask = 2147483647;
			files = (
			);
			runOnlyForDeploymentPostprocessing = 0;
		};
/* End PBXResourcesBuildPhase section */

/* Begin PBXSourcesBuildPhase section */
		50D5BB6F1EC4202000A42D59 /* Sources */ = {
			isa = PBXSourcesBuildPhase;
			buildActionMask = 2147483647;
			files = (
				50D5BB791EC4202000A42D59 /* ViewController.swift in Sources */,
				50D5BB771EC4202000A42D59 /* AppDelegate.swift in Sources */,
			);
			runOnlyForDeploymentPostprocessing = 0;
		};
		50D5BB831EC4202000A42D59 /* Sources */ = {
			isa = PBXSourcesBuildPhase;
			buildActionMask = 2147483647;
			files = (
				50D5BB8C1EC4202000A42D59 /* TCNewFeatureViewProjectTests.swift in Sources */,
			);
			runOnlyForDeploymentPostprocessing = 0;
		};
		50D5BB8E1EC4202000A42D59 /* Sources */ = {
			isa = PBXSourcesBuildPhase;
			buildActionMask = 2147483647;
			files = (
				50D5BB971EC4202000A42D59 /* TCNewFeatureViewProjectUITests.swift in Sources */,
			);
			runOnlyForDeploymentPostprocessing = 0;
		};
/* End PBXSourcesBuildPhase section */

/* Begin PBXTargetDependency section */
		50D5BB891EC4202000A42D59 /* PBXTargetDependency */ = {
			isa = PBXTargetDependency;
			target = 50D5BB721EC4202000A42D59 /* TCNewFeatureViewProject */;
			targetProxy = 50D5BB881EC4202000A42D59 /* PBXContainerItemProxy */;
		};
		50D5BB941EC4202000A42D59 /* PBXTargetDependency */ = {
			isa = PBXTargetDependency;
			target = 50D5BB721EC4202000A42D59 /* TCNewFeatureViewProject */;
			targetProxy = 50D5BB931EC4202000A42D59 /* PBXContainerItemProxy */;
		};
/* End PBXTargetDependency section */

/* Begin PBXVariantGroup section */
		50D5BB7A1EC4202000A42D59 /* Main.storyboard */ = {
			isa = PBXVariantGroup;
			children = (
				50D5BB7B1EC4202000A42D59 /* Base */,
			);
			name = Main.storyboard;
			sourceTree = "<group>";
		};
		50D5BB7F1EC4202000A42D59 /* LaunchScreen.storyboard */ = {
			isa = PBXVariantGroup;
			children = (
				50D5BB801EC4202000A42D59 /* Base */,
			);
			name = LaunchScreen.storyboard;
			sourceTree = "<group>";
		};
/* End PBXVariantGroup section */

/* Begin XCBuildConfiguration section */
		50D5BB991EC4202000A42D59 /* Debug */ = {
			isa = XCBuildConfiguration;
			buildSettings = {
				ALWAYS_SEARCH_USER_PATHS = NO;
				CLANG_ANALYZER_NONNULL = YES;
				CLANG_ANALYZER_NUMBER_OBJECT_CONVERSION = YES_AGGRESSIVE;
				CLANG_CXX_LANGUAGE_STANDARD = "gnu++0x";
				CLANG_CXX_LIBRARY = "libc++";
				CLANG_ENABLE_MODULES = YES;
				CLANG_ENABLE_OBJC_ARC = YES;
				CLANG_WARN_BOOL_CONVERSION = YES;
				CLANG_WARN_CONSTANT_CONVERSION = YES;
				CLANG_WARN_DIRECT_OBJC_ISA_USAGE = YES_ERROR;
				CLANG_WARN_DOCUMENTATION_COMMENTS = YES;
				CLANG_WARN_EMPTY_BODY = YES;
				CLANG_WARN_ENUM_CONVERSION = YES;
				CLANG_WARN_INFINITE_RECURSION = YES;
				CLANG_WARN_INT_CONVERSION = YES;
				CLANG_WARN_OBJC_ROOT_CLASS = YES_ERROR;
				CLANG_WARN_SUSPICIOUS_MOVE = YES;
				CLANG_WARN_UNREACHABLE_CODE = YES;
				CLANG_WARN__DUPLICATE_METHOD_MATCH = YES;
				"CODE_SIGN_IDENTITY[sdk=iphoneos*]" = "iPhone Developer";
				COPY_PHASE_STRIP = NO;
				DEBUG_INFORMATION_FORMAT = dwarf;
				ENABLE_STRICT_OBJC_MSGSEND = YES;
				ENABLE_TESTABILITY = YES;
				GCC_C_LANGUAGE_STANDARD = gnu99;
				GCC_DYNAMIC_NO_PIC = NO;
				GCC_NO_COMMON_BLOCKS = YES;
				GCC_OPTIMIZATION_LEVEL = 0;
				GCC_PREPROCESSOR_DEFINITIONS = (
					"DEBUG=1",
					"$(inherited)",
				);
				GCC_WARN_64_TO_32_BIT_CONVERSION = YES;
				GCC_WARN_ABOUT_RETURN_TYPE = YES_ERROR;
				GCC_WARN_UNDECLARED_SELECTOR = YES;
				GCC_WARN_UNINITIALIZED_AUTOS = YES_AGGRESSIVE;
				GCC_WARN_UNUSED_FUNCTION = YES;
				GCC_WARN_UNUSED_VARIABLE = YES;
				IPHONEOS_DEPLOYMENT_TARGET = 10.3;
				MTL_ENABLE_DEBUG_INFO = YES;
				ONLY_ACTIVE_ARCH = YES;
				SDKROOT = iphoneos;
				SWIFT_ACTIVE_COMPILATION_CONDITIONS = DEBUG;
				SWIFT_OPTIMIZATION_LEVEL = "-Onone";
			};
			name = Debug;
		};
		50D5BB9A1EC4202000A42D59 /* Release */ = {
			isa = XCBuildConfiguration;
			buildSettings = {
				ALWAYS_SEARCH_USER_PATHS = NO;
				CLANG_ANALYZER_NONNULL = YES;
				CLANG_ANALYZER_NUMBER_OBJECT_CONVERSION = YES_AGGRESSIVE;
				CLANG_CXX_LANGUAGE_STANDARD = "gnu++0x";
				CLANG_CXX_LIBRARY = "libc++";
				CLANG_ENABLE_MODULES = YES;
				CLANG_ENABLE_OBJC_ARC = YES;
				CLANG_WARN_BOOL_CONVERSION = YES;
				CLANG_WARN_CONSTANT_CONVERSION = YES;
				CLANG_WARN_DIRECT_OBJC_ISA_USAGE = YES_ERROR;
				CLANG_WARN_DOCUMENTATION_COMMENTS = YES;
				CLANG_WARN_EMPTY_BODY = YES;
				CLANG_WARN_ENUM_CONVERSION = YES;
				CLANG_WARN_INFINITE_RECURSION = YES;
				CLANG_WARN_INT_CONVERSION = YES;
				CLANG_WARN_OBJC_ROOT_CLASS = YES_ERROR;
				CLANG_WARN_SUSPICIOUS_MOVE = YES;
				CLANG_WARN_UNREACHABLE_CODE = YES;
				CLANG_WARN__DUPLICATE_METHOD_MATCH = YES;
				"CODE_SIGN_IDENTITY[sdk=iphoneos*]" = "iPhone Developer";
				COPY_PHASE_STRIP = NO;
				DEBUG_INFORMATION_FORMAT = "dwarf-with-dsym";
				ENABLE_NS_ASSERTIONS = NO;
				ENABLE_STRICT_OBJC_MSGSEND = YES;
				GCC_C_LANGUAGE_STANDARD = gnu99;
				GCC_NO_COMMON_BLOCKS = YES;
				GCC_WARN_64_TO_32_BIT_CONVERSION = YES;
				GCC_WARN_ABOUT_RETURN_TYPE = YES_ERROR;
				GCC_WARN_UNDECLARED_SELECTOR = YES;
				GCC_WARN_UNINITIALIZED_AUTOS = YES_AGGRESSIVE;
				GCC_WARN_UNUSED_FUNCTION = YES;
				GCC_WARN_UNUSED_VARIABLE = YES;
				IPHONEOS_DEPLOYMENT_TARGET = 10.3;
				MTL_ENABLE_DEBUG_INFO = NO;
				SDKROOT = iphoneos;
				SWIFT_OPTIMIZATION_LEVEL = "-Owholemodule";
				VALIDATE_PRODUCT = YES;
			};
			name = Release;
		};
		50D5BB9C1EC4202000A42D59 /* Debug */ = {
			isa = XCBuildConfiguration;
			buildSettings = {
				ASSETCATALOG_COMPILER_APPICON_NAME = AppIcon;
				INFOPLIST_FILE = TCNewFeatureViewProject/Info.plist;
				LD_RUNPATH_SEARCH_PATHS = "$(inherited) @executable_path/Frameworks";
				PRODUCT_BUNDLE_IDENTIFIER = "com.tardis-cxx.TCNewFeatureViewProject";
				PRODUCT_NAME = "$(TARGET_NAME)";
				SWIFT_VERSION = 3.0;
			};
			name = Debug;
		};
		50D5BB9D1EC4202000A42D59 /* Release */ = {
			isa = XCBuildConfiguration;
			buildSettings = {
				ASSETCATALOG_COMPILER_APPICON_NAME = AppIcon;
				INFOPLIST_FILE = TCNewFeatureViewProject/Info.plist;
				LD_RUNPATH_SEARCH_PATHS = "$(inherited) @executable_path/Frameworks";
				PRODUCT_BUNDLE_IDENTIFIER = "com.tardis-cxx.TCNewFeatureViewProject";
				PRODUCT_NAME = "$(TARGET_NAME)";
				SWIFT_VERSION = 3.0;
			};
			name = Release;
		};
		50D5BB9F1EC4202000A42D59 /* Debug */ = {
			isa = XCBuildConfiguration;
			buildSettings = {
				ALWAYS_EMBED_SWIFT_STANDARD_LIBRARIES = YES;
				BUNDLE_LOADER = "$(TEST_HOST)";
				INFOPLIST_FILE = TCNewFeatureViewProjectTests/Info.plist;
				LD_RUNPATH_SEARCH_PATHS = "$(inherited) @executable_path/Frameworks @loader_path/Frameworks";
				PRODUCT_BUNDLE_IDENTIFIER = "com.tardis-cxx.TCNewFeatureViewProjectTests";
				PRODUCT_NAME = "$(TARGET_NAME)";
				SWIFT_VERSION = 3.0;
				TEST_HOST = "$(BUILT_PRODUCTS_DIR)/TCNewFeatureViewProject.app/TCNewFeatureViewProject";
			};
			name = Debug;
		};
		50D5BBA01EC4202000A42D59 /* Release */ = {
			isa = XCBuildConfiguration;
			buildSettings = {
				ALWAYS_EMBED_SWIFT_STANDARD_LIBRARIES = YES;
				BUNDLE_LOADER = "$(TEST_HOST)";
				INFOPLIST_FILE = TCNewFeatureViewProjectTests/Info.plist;
				LD_RUNPATH_SEARCH_PATHS = "$(inherited) @executable_path/Frameworks @loader_path/Frameworks";
				PRODUCT_BUNDLE_IDENTIFIER = "com.tardis-cxx.TCNewFeatureViewProjectTests";
				PRODUCT_NAME = "$(TARGET_NAME)";
				SWIFT_VERSION = 3.0;
				TEST_HOST = "$(BUILT_PRODUCTS_DIR)/TCNewFeatureViewProject.app/TCNewFeatureViewProject";
			};
			name = Release;
		};
		50D5BBA21EC4202000A42D59 /* Debug */ = {
			isa = XCBuildConfiguration;
			buildSettings = {
				ALWAYS_EMBED_SWIFT_STANDARD_LIBRARIES = YES;
				INFOPLIST_FILE = TCNewFeatureViewProjectUITests/Info.plist;
				LD_RUNPATH_SEARCH_PATHS = "$(inherited) @executable_path/Frameworks @loader_path/Frameworks";
				PRODUCT_BUNDLE_IDENTIFIER = "com.tardis-cxx.TCNewFeatureViewProjectUITests";
				PRODUCT_NAME = "$(TARGET_NAME)";
				SWIFT_VERSION = 3.0;
				TEST_TARGET_NAME = TCNewFeatureViewProject;
			};
			name = Debug;
		};
		50D5BBA31EC4202000A42D59 /* Release */ = {
			isa = XCBuildConfiguration;
			buildSettings = {
				ALWAYS_EMBED_SWIFT_STANDARD_LIBRARIES = YES;
				INFOPLIST_FILE = TCNewFeatureViewProjectUITests/Info.plist;
				LD_RUNPATH_SEARCH_PATHS = "$(inherited) @executable_path/Frameworks @loader_path/Frameworks";
				PRODUCT_BUNDLE_IDENTIFIER = "com.tardis-cxx.TCNewFeatureViewProjectUITests";
				PRODUCT_NAME = "$(TARGET_NAME)";
				SWIFT_VERSION = 3.0;
				TEST_TARGET_NAME = TCNewFeatureViewProject;
			};
			name = Release;
		};
/* End XCBuildConfiguration section */

/* Begin XCConfigurationList section */
		50D5BB6E1EC4202000A42D59 /* Build configuration list for PBXProject "TCNewFeatureViewProject" */ = {
			isa = XCConfigurationList;
			buildConfigurations = (
				50D5BB991EC4202000A42D59 /* Debug */,
				50D5BB9A1EC4202000A42D59 /* Release */,
			);
			defaultConfigurationIsVisible = 0;
			defaultConfigurationName = Release;
		};
		50D5BB9B1EC4202000A42D59 /* Build configuration list for PBXNativeTarget "TCNewFeatureViewProject" */ = {
			isa = XCConfigurationList;
			buildConfigurations = (
				50D5BB9C1EC4202000A42D59 /* Debug */,
				50D5BB9D1EC4202000A42D59 /* Release */,
			);
			defaultConfigurationIsVisible = 0;
		};
		50D5BB9E1EC4202000A42D59 /* Build configuration list for PBXNativeTarget "TCNewFeatureViewProjectTests" */ = {
			isa = XCConfigurationList;
			buildConfigurations = (
				50D5BB9F1EC4202000A42D59 /* Debug */,
				50D5BBA01EC4202000A42D59 /* Release */,
			);
			defaultConfigurationIsVisible = 0;
		};
		50D5BBA11EC4202000A42D59 /* Build configuration list for PBXNativeTarget "TCNewFeatureViewProjectUITests" */ = {
			isa = XCConfigurationList;
			buildConfigurations = (
				50D5BBA21EC4202000A42D59 /* Debug */,
				50D5BBA31EC4202000A42D59 /* Release */,
			);
			defaultConfigurationIsVisible = 0;
		};
/* End XCConfigurationList section */
	};
	rootObject = 50D5BB6B1EC4202000A42D59 /* Project object */;
}
